
Microsoft Visual Studio Solution File, Format Version 12.00
# Visual Studio Version 16
VisualStudioVersion = 16.0.32002.261
MinimumVisualStudioVersion = 10.0.40219.1
Project("{FAE04EC0-301F-11D3-BF4B-00C04F79EFBC}") = "DotnetCoreMVC_CRUD", "DotnetCoreMVC_CRUD\DotnetCoreMVC_CRUD.csproj", "{F4724C4A-8DDF-4545-ACEA-92AE27DDF51D}"
EndProject
Global
	GlobalSection(SolutionConfigurationPlatforms) = preSolution
		Debug|Any CPU = Debug|Any CPU
		Release|Any CPU = Release|Any CPU
	EndGlobalSection
	GlobalSection(ProjectConfigurationPlatforms) = postSolution
		{F4724C4A-8DDF-4545-ACEA-92AE27DDF51D}.Debug|Any CPU.ActiveCfg = Debug|Any CPU
		{F4724C4A-8DDF-4545-ACEA-92AE27DDF51D}.Debug|Any CPU.Build.0 = Debug|Any CPU
		{F4724C4A-8DDF-4545-ACEA-92AE27DDF51D}.Release|Any CPU.ActiveCfg = Release|Any CPU
		{F4724C4A-8DDF-4545-ACEA-92AE27DDF51D}.Release|Any CPU.Build.0 = Release|Any CPU
	EndGlobalSection
	GlobalSection(SolutionProperties) = preSolution
		HideSolutionNode = FALSE
	EndGlobalSection
	GlobalSection(ExtensibilityGlobals) = postSolution
		SolutionGuid = {2CA9703C-1877-4C0B-96B4-2B10BCC3D83A}
	EndGlobalSection
EndGlobal
